
Microsoft Visual Studio Solution File, Format Version 12.00
# Visual Studio Version 16
VisualStudioVersion = 16.0.30804.86
MinimumVisualStudioVersion = 10.0.40219.1
Project("{FAE04EC0-301F-11D3-BF4B-00C04F79EFBC}") = "Ratep", "Ratep\Ratep.csproj", "{598A2667-A338-43E9-96A8-4DEBE658DCEE}"
EndProject
Project("{FAE04EC0-301F-11D3-BF4B-00C04F79EFBC}") = "TC_SP", "TC_SP\TC_SP.csproj", "{5AF52A3F-6BF0-4FC9-BA18-1F5C7B7682DD}"
EndProject
Global
	GlobalSection(SolutionConfigurationPlatforms) = preSolution
		Debug|Any CPU = Debug|Any CPU
		Release|Any CPU = Release|Any CPU
	EndGlobalSection
	GlobalSection(ProjectConfigurationPlatforms) = postSolution
		{598A2667-A338-43E9-96A8-4DEBE658DCEE}.Debug|Any CPU.ActiveCfg = Debug|Any CPU
		{598A2667-A338-43E9-96A8-4DEBE658DCEE}.Debug|Any CPU.Build.0 = Debug|Any CPU
		{598A2667-A338-43E9-96A8-4DEBE658DCEE}.Release|Any CPU.ActiveCfg = Release|Any CPU
		{598A2667-A338-43E9-96A8-4DEBE658DCEE}.Release|Any CPU.Build.0 = Release|Any CPU
		{5AF52A3F-6BF0-4FC9-BA18-1F5C7B7682DD}.Debug|Any CPU.ActiveCfg = Debug|Any CPU
		{5AF52A3F-6BF0-4FC9-BA18-1F5C7B7682DD}.Debug|Any CPU.Build.0 = Debug|Any CPU
		{5AF52A3F-6BF0-4FC9-BA18-1F5C7B7682DD}.Release|Any CPU.ActiveCfg = Release|Any CPU
		{5AF52A3F-6BF0-4FC9-BA18-1F5C7B7682DD}.Release|Any CPU.Build.0 = Release|Any CPU
	EndGlobalSection
	GlobalSection(SolutionProperties) = preSolution
		HideSolutionNode = FALSE
	EndGlobalSection
	GlobalSection(ExtensibilityGlobals) = postSolution
		SolutionGuid = {5AA871BD-03AE-4933-8591-D63A5D9D045D}
	EndGlobalSection
EndGlobal
